
Microsoft Visual Studio Solution File, Format Version 12.00
# Visual Studio Version 17
VisualStudioVersion = 17.8.34511.84
MinimumVisualStudioVersion = 10.0.40219.1
Project("{FAE04EC0-301F-11D3-BF4B-00C04F79EFBC}") = "CapaPresentacionAdmin", "CapaPresentacionAdmin\CapaPresentacionAdmin.csproj", "{213BE302-D516-42B9-9840-81067CB3A0CA}"
EndProject
Project("{FAE04EC0-301F-11D3-BF4B-00C04F79EFBC}") = "CapaPresentacionTienda", "CapaPresentacionTienda\CapaPresentacionTienda.csproj", "{570EF0F5-7B9F-41E7-A1ED-8142DA4C28CA}"
EndProject
Project("{FAE04EC0-301F-11D3-BF4B-00C04F79EFBC}") = "CapaDatos", "CapaDatos\CapaDatos.csproj", "{0B3C15AA-576C-4488-AE47-10FC75B43DEC}"
EndProject
Project("{FAE04EC0-301F-11D3-BF4B-00C04F79EFBC}") = "CapaEntidad", "CapaEntidad\CapaEntidad.csproj", "{0598F18F-A4D3-473A-8F0C-DAD77D3D5474}"
EndProject
Project("{FAE04EC0-301F-11D3-BF4B-00C04F79EFBC}") = "CapaNegocio", "CapaNegocio\CapaNegocio.csproj", "{08472FD7-386D-429D-BE7A-FBC3D4878773}"
EndProject
Global
	GlobalSection(SolutionConfigurationPlatforms) = preSolution
		Debug|Any CPU = Debug|Any CPU
		Release|Any CPU = Release|Any CPU
	EndGlobalSection
	GlobalSection(ProjectConfigurationPlatforms) = postSolution
		{213BE302-D516-42B9-9840-81067CB3A0CA}.Debug|Any CPU.ActiveCfg = Debug|Any CPU
		{213BE302-D516-42B9-9840-81067CB3A0CA}.Debug|Any CPU.Build.0 = Debug|Any CPU
		{213BE302-D516-42B9-9840-81067CB3A0CA}.Release|Any CPU.ActiveCfg = Release|Any CPU
		{213BE302-D516-42B9-9840-81067CB3A0CA}.Release|Any CPU.Build.0 = Release|Any CPU
		{570EF0F5-7B9F-41E7-A1ED-8142DA4C28CA}.Debug|Any CPU.ActiveCfg = Debug|Any CPU
		{570EF0F5-7B9F-41E7-A1ED-8142DA4C28CA}.Debug|Any CPU.Build.0 = Debug|Any CPU
		{570EF0F5-7B9F-41E7-A1ED-8142DA4C28CA}.Release|Any CPU.ActiveCfg = Release|Any CPU
		{570EF0F5-7B9F-41E7-A1ED-8142DA4C28CA}.Release|Any CPU.Build.0 = Release|Any CPU
		{0B3C15AA-576C-4488-AE47-10FC75B43DEC}.Debug|Any CPU.ActiveCfg = Debug|Any CPU
		{0B3C15AA-576C-4488-AE47-10FC75B43DEC}.Debug|Any CPU.Build.0 = Debug|Any CPU
		{0B3C15AA-576C-4488-AE47-10FC75B43DEC}.Release|Any CPU.ActiveCfg = Release|Any CPU
		{0B3C15AA-576C-4488-AE47-10FC75B43DEC}.Release|Any CPU.Build.0 = Release|Any CPU
		{0598F18F-A4D3-473A-8F0C-DAD77D3D5474}.Debug|Any CPU.ActiveCfg = Debug|Any CPU
		{0598F18F-A4D3-473A-8F0C-DAD77D3D5474}.Debug|Any CPU.Build.0 = Debug|Any CPU
		{0598F18F-A4D3-473A-8F0C-DAD77D3D5474}.Release|Any CPU.ActiveCfg = Release|Any CPU
		{0598F18F-A4D3-473A-8F0C-DAD77D3D5474}.Release|Any CPU.Build.0 = Release|Any CPU
		{08472FD7-386D-429D-BE7A-FBC3D4878773}.Debug|Any CPU.ActiveCfg = Debug|Any CPU
		{08472FD7-386D-429D-BE7A-FBC3D4878773}.Debug|Any CPU.Build.0 = Debug|Any CPU
		{08472FD7-386D-429D-BE7A-FBC3D4878773}.Release|Any CPU.ActiveCfg = Release|Any CPU
		{08472FD7-386D-429D-BE7A-FBC3D4878773}.Release|Any CPU.Build.0 = Release|Any CPU
	EndGlobalSection
	GlobalSection(SolutionProperties) = preSolution
		HideSolutionNode = FALSE
	EndGlobalSection
	GlobalSection(ExtensibilityGlobals) = postSolution
		SolutionGuid = {6DE38F45-F38F-4E38-84FD-D1FFF8B615C5}
	EndGlobalSection
EndGlobal
